
Microsoft Visual Studio Solution File, Format Version 12.00
# Visual Studio Version 16
VisualStudioVersion = 16.0.31515.178
MinimumVisualStudioVersion = 10.0.40219.1
Project("{FAE04EC0-301F-11D3-BF4B-00C04F79EFBC}") = "Models", "Models\Models.csproj", "{2FE194F9-E634-494C-AA10-0A01F3BB2330}"
EndProject
Project("{FAE04EC0-301F-11D3-BF4B-00C04F79EFBC}") = "DAL", "DAL\DAL.csproj", "{C98E829E-AF53-4D13-A572-148D41B2AC2B}"
EndProject
Project("{FAE04EC0-301F-11D3-BF4B-00C04F79EFBC}") = "WebUI", "WebUI\WebUI.csproj", "{ACC12845-6325-4CD2-84BD-A9E2432DE5C0}"
EndProject
Global
	GlobalSection(SolutionConfigurationPlatforms) = preSolution
		Debug|Any CPU = Debug|Any CPU
		Release|Any CPU = Release|Any CPU
	EndGlobalSection
	GlobalSection(ProjectConfigurationPlatforms) = postSolution
		{2FE194F9-E634-494C-AA10-0A01F3BB2330}.Debug|Any CPU.ActiveCfg = Debug|Any CPU
		{2FE194F9-E634-494C-AA10-0A01F3BB2330}.Debug|Any CPU.Build.0 = Debug|Any CPU
		{2FE194F9-E634-494C-AA10-0A01F3BB2330}.Release|Any CPU.ActiveCfg = Release|Any CPU
		{2FE194F9-E634-494C-AA10-0A01F3BB2330}.Release|Any CPU.Build.0 = Release|Any CPU
		{C98E829E-AF53-4D13-A572-148D41B2AC2B}.Debug|Any CPU.ActiveCfg = Debug|Any CPU
		{C98E829E-AF53-4D13-A572-148D41B2AC2B}.Debug|Any CPU.Build.0 = Debug|Any CPU
		{C98E829E-AF53-4D13-A572-148D41B2AC2B}.Release|Any CPU.ActiveCfg = Release|Any CPU
		{C98E829E-AF53-4D13-A572-148D41B2AC2B}.Release|Any CPU.Build.0 = Release|Any CPU
		{ACC12845-6325-4CD2-84BD-A9E2432DE5C0}.Debug|Any CPU.ActiveCfg = Debug|Any CPU
		{ACC12845-6325-4CD2-84BD-A9E2432DE5C0}.Debug|Any CPU.Build.0 = Debug|Any CPU
		{ACC12845-6325-4CD2-84BD-A9E2432DE5C0}.Release|Any CPU.ActiveCfg = Release|Any CPU
		{ACC12845-6325-4CD2-84BD-A9E2432DE5C0}.Release|Any CPU.Build.0 = Release|Any CPU
	EndGlobalSection
	GlobalSection(SolutionProperties) = preSolution
		HideSolutionNode = FALSE
	EndGlobalSection
	GlobalSection(ExtensibilityGlobals) = postSolution
		SolutionGuid = {0E1FBD3C-06A3-4FBC-AA03-FBC123ABCC46}
	EndGlobalSection
EndGlobal
